
Microsoft Visual Studio Solution File, Format Version 12.00
# Visual Studio 14
VisualStudioVersion = 14.0.25420.1
MinimumVisualStudioVersion = 10.0.40219.1
Project("{2150E333-8FDC-42A3-9474-1A3956D46DE8}") = "Service", "Service", "{DE429E58-3192-410A-B299-3EEA4189DD64}"
EndProject
Project("{2150E333-8FDC-42A3-9474-1A3956D46DE8}") = "Test", "Test", "{9A368BB2-6AC1-484E-869D-D625DB3098EE}"
EndProject
Project("{2150E333-8FDC-42A3-9474-1A3956D46DE8}") = "Model", "Model", "{E758D48D-AE94-42AF-A7B9-2F6FB9738A23}"
EndProject
Project("{2150E333-8FDC-42A3-9474-1A3956D46DE8}") = "Session", "Session", "{1C67A560-A218-4D17-BC23-10FC03337011}"
EndProject
Project("{2150E333-8FDC-42A3-9474-1A3956D46DE8}") = "App", "App", "{C225BC57-0CA2-45A0-8683-7C723AB5183F}"
EndProject
Project("{2150E333-8FDC-42A3-9474-1A3956D46DE8}") = "Commn", "Commn", "{714E43D7-860B-4ED2-A2B9-4B5A941D607D}"
EndProject
Project("{FAE04EC0-301F-11D3-BF4B-00C04F79EFBC}") = "SCRT_MES.Utilities", "SCRT_MES.Utilities\SCRT_MES.Utilities.csproj", "{76EA3048-A0AC-467B-B7C2-25C3D685799E}"
EndProject
Project("{FAE04EC0-301F-11D3-BF4B-00C04F79EFBC}") = "SCRT-MES.App", "SCRT_MES\SCRT-MES.App.csproj", "{25E3F3B3-1856-4E2F-BC97-D9236C05C3A7}"
EndProject
Project("{2150E333-8FDC-42A3-9474-1A3956D46DE8}") = "Factory", "Factory", "{797711B7-4E89-4F5D-B528-70FA61CC368A}"
EndProject
Project("{FAE04EC0-301F-11D3-BF4B-00C04F79EFBC}") = "SCRT_MES.Factory", "SCRT_MES.Factory\SCRT_MES.Factory.csproj", "{6E839F77-9CBA-4228-82AE-D2B648E0B2F7}"
EndProject
Project("{FAE04EC0-301F-11D3-BF4B-00C04F79EFBC}") = "SCRT_MES.Model", "SCRT_MES.Model\SCRT_MES.Model.csproj", "{0C791EB2-8BEF-4B0E-8336-98CEDD113FD6}"
EndProject
Project("{FAE04EC0-301F-11D3-BF4B-00C04F79EFBC}") = "SCRT_MES.IMode", "SCRT_MES.IMode\SCRT_MES.IMode.csproj", "{A1F4AF87-BB92-4955-9387-4588D55E4B57}"
EndProject
Project("{FAE04EC0-301F-11D3-BF4B-00C04F79EFBC}") = "SCRT_MES.BLL", "SCRT_MES.BLL\SCRT_MES.BLL.csproj", "{4C6F7884-F809-45C6-B6A4-4F0AE0C08B6E}"
EndProject
Project("{FAE04EC0-301F-11D3-BF4B-00C04F79EFBC}") = "SCRT_MES.DAL", "SCRT_MES.DAL\SCRT_MES.DAL.csproj", "{496297BC-503C-48EE-BEE6-0151F9149BBF}"
EndProject
Project("{FAE04EC0-301F-11D3-BF4B-00C04F79EFBC}") = "SCRT_MES.UnitTestProject", "SCRT_MES.UnitTestProject\SCRT_MES.UnitTestProject.csproj", "{2004F7A4-D04B-479A-8A4F-6C4CAD89496C}"
EndProject
Global
	GlobalSection(SolutionConfigurationPlatforms) = preSolution
		Debug|Any CPU = Debug|Any CPU
		Release|Any CPU = Release|Any CPU
	EndGlobalSection
	GlobalSection(ProjectConfigurationPlatforms) = postSolution
		{76EA3048-A0AC-467B-B7C2-25C3D685799E}.Debug|Any CPU.ActiveCfg = Debug|Any CPU
		{76EA3048-A0AC-467B-B7C2-25C3D685799E}.Debug|Any CPU.Build.0 = Debug|Any CPU
		{76EA3048-A0AC-467B-B7C2-25C3D685799E}.Release|Any CPU.ActiveCfg = Release|Any CPU
		{76EA3048-A0AC-467B-B7C2-25C3D685799E}.Release|Any CPU.Build.0 = Release|Any CPU
		{25E3F3B3-1856-4E2F-BC97-D9236C05C3A7}.Debug|Any CPU.ActiveCfg = Debug|Any CPU
		{25E3F3B3-1856-4E2F-BC97-D9236C05C3A7}.Debug|Any CPU.Build.0 = Debug|Any CPU
		{25E3F3B3-1856-4E2F-BC97-D9236C05C3A7}.Release|Any CPU.ActiveCfg = Release|Any CPU
		{25E3F3B3-1856-4E2F-BC97-D9236C05C3A7}.Release|Any CPU.Build.0 = Release|Any CPU
		{6E839F77-9CBA-4228-82AE-D2B648E0B2F7}.Debug|Any CPU.ActiveCfg = Debug|Any CPU
		{6E839F77-9CBA-4228-82AE-D2B648E0B2F7}.Debug|Any CPU.Build.0 = Debug|Any CPU
		{6E839F77-9CBA-4228-82AE-D2B648E0B2F7}.Release|Any CPU.ActiveCfg = Release|Any CPU
		{6E839F77-9CBA-4228-82AE-D2B648E0B2F7}.Release|Any CPU.Build.0 = Release|Any CPU
		{0C791EB2-8BEF-4B0E-8336-98CEDD113FD6}.Debug|Any CPU.ActiveCfg = Debug|Any CPU
		{0C791EB2-8BEF-4B0E-8336-98CEDD113FD6}.Debug|Any CPU.Build.0 = Debug|Any CPU
		{0C791EB2-8BEF-4B0E-8336-98CEDD113FD6}.Release|Any CPU.ActiveCfg = Release|Any CPU
		{0C791EB2-8BEF-4B0E-8336-98CEDD113FD6}.Release|Any CPU.Build.0 = Release|Any CPU
		{A1F4AF87-BB92-4955-9387-4588D55E4B57}.Debug|Any CPU.ActiveCfg = Debug|Any CPU
		{A1F4AF87-BB92-4955-9387-4588D55E4B57}.Debug|Any CPU.Build.0 = Debug|Any CPU
		{A1F4AF87-BB92-4955-9387-4588D55E4B57}.Release|Any CPU.ActiveCfg = Release|Any CPU
		{A1F4AF87-BB92-4955-9387-4588D55E4B57}.Release|Any CPU.Build.0 = Release|Any CPU
		{4C6F7884-F809-45C6-B6A4-4F0AE0C08B6E}.Debug|Any CPU.ActiveCfg = Debug|Any CPU
		{4C6F7884-F809-45C6-B6A4-4F0AE0C08B6E}.Debug|Any CPU.Build.0 = Debug|Any CPU
		{4C6F7884-F809-45C6-B6A4-4F0AE0C08B6E}.Release|Any CPU.ActiveCfg = Release|Any CPU
		{4C6F7884-F809-45C6-B6A4-4F0AE0C08B6E}.Release|Any CPU.Build.0 = Release|Any CPU
		{496297BC-503C-48EE-BEE6-0151F9149BBF}.Debug|Any CPU.ActiveCfg = Debug|Any CPU
		{496297BC-503C-48EE-BEE6-0151F9149BBF}.Debug|Any CPU.Build.0 = Debug|Any CPU
		{496297BC-503C-48EE-BEE6-0151F9149BBF}.Release|Any CPU.ActiveCfg = Release|Any CPU
		{496297BC-503C-48EE-BEE6-0151F9149BBF}.Release|Any CPU.Build.0 = Release|Any CPU
		{2004F7A4-D04B-479A-8A4F-6C4CAD89496C}.Debug|Any CPU.ActiveCfg = Debug|Any CPU
		{2004F7A4-D04B-479A-8A4F-6C4CAD89496C}.Debug|Any CPU.Build.0 = Debug|Any CPU
		{2004F7A4-D04B-479A-8A4F-6C4CAD89496C}.Release|Any CPU.ActiveCfg = Release|Any CPU
		{2004F7A4-D04B-479A-8A4F-6C4CAD89496C}.Release|Any CPU.Build.0 = Release|Any CPU
	EndGlobalSection
	GlobalSection(SolutionProperties) = preSolution
		HideSolutionNode = FALSE
	EndGlobalSection
	GlobalSection(NestedProjects) = preSolution
		{76EA3048-A0AC-467B-B7C2-25C3D685799E} = {714E43D7-860B-4ED2-A2B9-4B5A941D607D}
		{25E3F3B3-1856-4E2F-BC97-D9236C05C3A7} = {C225BC57-0CA2-45A0-8683-7C723AB5183F}
		{6E839F77-9CBA-4228-82AE-D2B648E0B2F7} = {797711B7-4E89-4F5D-B528-70FA61CC368A}
		{0C791EB2-8BEF-4B0E-8336-98CEDD113FD6} = {E758D48D-AE94-42AF-A7B9-2F6FB9738A23}
		{A1F4AF87-BB92-4955-9387-4588D55E4B57} = {E758D48D-AE94-42AF-A7B9-2F6FB9738A23}
		{4C6F7884-F809-45C6-B6A4-4F0AE0C08B6E} = {DE429E58-3192-410A-B299-3EEA4189DD64}
		{496297BC-503C-48EE-BEE6-0151F9149BBF} = {1C67A560-A218-4D17-BC23-10FC03337011}
		{2004F7A4-D04B-479A-8A4F-6C4CAD89496C} = {9A368BB2-6AC1-484E-869D-D625DB3098EE}
	EndGlobalSection
EndGlobal
